// !$*UTF8*$!
{
	archiveVersion = 1;
	classes = {
	};
	objectVersion = 56;
	objects = {

/* Begin PBXBuildFile section */
		6D687B7A2AE7A96400CE2889 /* AppDelegate.swift in Sources */ = {isa = PBXBuildFile; fileRef = 6D687B792AE7A96400CE2889 /* AppDelegate.swift */; };
		6D687B7C2AE7A96400CE2889 /* SceneDelegate.swift in Sources */ = {isa = PBXBuildFile; fileRef = 6D687B7B2AE7A96400CE2889 /* SceneDelegate.swift */; };
		6D687B7E2AE7A96400CE2889 /* ViewController.swift in Sources */ = {isa = PBXBuildFile; fileRef = 6D687B7D2AE7A96400CE2889 /* ViewController.swift */; };
		6D687B812AE7A96400CE2889 /* Main.storyboard in Resources */ = {isa = PBXBuildFile; fileRef = 6D687B7F2AE7A96400CE2889 /* Main.storyboard */; };
		6D687B832AE7A96500CE2889 /* Assets.xcassets in Resources */ = {isa = PBXBuildFile; fileRef = 6D687B822AE7A96500CE2889 /* Assets.xcassets */; };
		6D687B862AE7A96500CE2889 /* LaunchScreen.storyboard in Resources */ = {isa = PBXBuildFile; fileRef = 6D687B842AE7A96500CE2889 /* LaunchScreen.storyboard */; };
		6D687B922AE7AB5000CE2889 /* MovieWebServices.swift in Sources */ = {isa = PBXBuildFile; fileRef = 6D687B912AE7AB5000CE2889 /* MovieWebServices.swift */; };
		6D687B942AE7AB6A00CE2889 /* MovieViewModel.swift in Sources */ = {isa = PBXBuildFile; fileRef = 6D687B932AE7AB6A00CE2889 /* MovieViewModel.swift */; };
		6D687B962AE7AB7A00CE2889 /* MovieModel.swift in Sources */ = {isa = PBXBuildFile; fileRef = 6D687B952AE7AB7A00CE2889 /* MovieModel.swift */; };
		6D687B982AE7B17B00CE2889 /* PopularMovieCollectionViewCell.swift in Sources */ = {isa = PBXBuildFile; fileRef = 6D687B972AE7B17B00CE2889 /* PopularMovieCollectionViewCell.swift */; };
		6D687B9A2AE7B92200CE2889 /* TVViewController.swift in Sources */ = {isa = PBXBuildFile; fileRef = 6D687B992AE7B92200CE2889 /* TVViewController.swift */; };
		6D687B9C2AE7B94100CE2889 /* TVCollectionViewCell.swift in Sources */ = {isa = PBXBuildFile; fileRef = 6D687B9B2AE7B94100CE2889 /* TVCollectionViewCell.swift */; };
		6D687B9E2AE7BA2A00CE2889 /* TVWebServices.swift in Sources */ = {isa = PBXBuildFile; fileRef = 6D687B9D2AE7BA2A00CE2889 /* TVWebServices.swift */; };
		6D687BA22AE7BB2200CE2889 /* TVModel.swift in Sources */ = {isa = PBXBuildFile; fileRef = 6D687BA12AE7BB2200CE2889 /* TVModel.swift */; };
		6D687BA62AE7BB3E00CE2889 /* TVViewModel.swift in Sources */ = {isa = PBXBuildFile; fileRef = 6D687BA52AE7BB3E00CE2889 /* TVViewModel.swift */; };
		6D687BA82AE8138800CE2889 /* ActorViewController.swift in Sources */ = {isa = PBXBuildFile; fileRef = 6D687BA72AE8138800CE2889 /* ActorViewController.swift */; };
		6D687BAA2AE813F600CE2889 /* ActorCollectionViewCell.swift in Sources */ = {isa = PBXBuildFile; fileRef = 6D687BA92AE813F600CE2889 /* ActorCollectionViewCell.swift */; };
		6D687BAC2AE8177B00CE2889 /* ActorServices.swift in Sources */ = {isa = PBXBuildFile; fileRef = 6D687BAB2AE8177B00CE2889 /* ActorServices.swift */; };
		6D687BAE2AE8178A00CE2889 /* ActorViewModel.swift in Sources */ = {isa = PBXBuildFile; fileRef = 6D687BAD2AE8178A00CE2889 /* ActorViewModel.swift */; };
		6D687BB02AE8179B00CE2889 /* ActorModel.swift in Sources */ = {isa = PBXBuildFile; fileRef = 6D687BAF2AE8179B00CE2889 /* ActorModel.swift */; };
		6D687BB22AE832A800CE2889 /* FilmViewController.swift in Sources */ = {isa = PBXBuildFile; fileRef = 6D687BB12AE832A800CE2889 /* FilmViewController.swift */; };
		6D687BB52AE8355900CE2889 /* DiziViewController.swift in Sources */ = {isa = PBXBuildFile; fileRef = 6D687BB42AE8355900CE2889 /* DiziViewController.swift */; };
		6D687BB72AE8356700CE2889 /* OyuncuViewController.swift in Sources */ = {isa = PBXBuildFile; fileRef = 6D687BB62AE8356700CE2889 /* OyuncuViewController.swift */; };
		6D687BBB2AE92C3D00CE2889 /* SettingsViewController.swift in Sources */ = {isa = PBXBuildFile; fileRef = 6D687BBA2AE92C3D00CE2889 /* SettingsViewController.swift */; };
		6D687BBD2AE9374E00CE2889 /* GoogleService-Info.plist in Resources */ = {isa = PBXBuildFile; fileRef = 6D687BBC2AE9374E00CE2889 /* GoogleService-Info.plist */; };
		6D687BC02AE93C5400CE2889 /* FirebaseAuth in Frameworks */ = {isa = PBXBuildFile; productRef = 6D687BBF2AE93C5400CE2889 /* FirebaseAuth */; };
		6D687BC22AE93C5400CE2889 /* FirebaseAuthCombine-Community in Frameworks */ = {isa = PBXBuildFile; productRef = 6D687BC12AE93C5400CE2889 /* FirebaseAuthCombine-Community */; };
		6D687BC42AE93C5400CE2889 /* FirebaseCrashlytics in Frameworks */ = {isa = PBXBuildFile; productRef = 6D687BC32AE93C5400CE2889 /* FirebaseCrashlytics */; };
		6D687BC62AE93C5400CE2889 /* FirebaseDatabase in Frameworks */ = {isa = PBXBuildFile; productRef = 6D687BC52AE93C5400CE2889 /* FirebaseDatabase */; };
		6D687BC82AE93C5400CE2889 /* FirebaseDynamicLinks in Frameworks */ = {isa = PBXBuildFile; productRef = 6D687BC72AE93C5400CE2889 /* FirebaseDynamicLinks */; };
		6D687BCA2AE93C5400CE2889 /* FirebaseFirestore in Frameworks */ = {isa = PBXBuildFile; productRef = 6D687BC92AE93C5400CE2889 /* FirebaseFirestore */; };
		6D687BCC2AE93C5400CE2889 /* FirebaseFirestoreSwift in Frameworks */ = {isa = PBXBuildFile; productRef = 6D687BCB2AE93C5400CE2889 /* FirebaseFirestoreSwift */; };
		6D687BCE2AE93C5400CE2889 /* FirebaseFunctions in Frameworks */ = {isa = PBXBuildFile; productRef = 6D687BCD2AE93C5400CE2889 /* FirebaseFunctions */; };
		6D687BD02AE93C5400CE2889 /* FirebaseFunctionsCombine-Community in Frameworks */ = {isa = PBXBuildFile; productRef = 6D687BCF2AE93C5400CE2889 /* FirebaseFunctionsCombine-Community */; };
		6D687BD22AE93C5400CE2889 /* FirebaseInAppMessaging-Beta in Frameworks */ = {isa = PBXBuildFile; productRef = 6D687BD12AE93C5400CE2889 /* FirebaseInAppMessaging-Beta */; };
		6D687BD42AE93C5400CE2889 /* FirebaseInAppMessagingSwift-Beta in Frameworks */ = {isa = PBXBuildFile; productRef = 6D687BD32AE93C5400CE2889 /* FirebaseInAppMessagingSwift-Beta */; };
		6D687BD62AE93C5400CE2889 /* FirebaseInstallations in Frameworks */ = {isa = PBXBuildFile; productRef = 6D687BD52AE93C5400CE2889 /* FirebaseInstallations */; };
		6D687BD82AE93C5400CE2889 /* FirebaseMLModelDownloader in Frameworks */ = {isa = PBXBuildFile; productRef = 6D687BD72AE93C5400CE2889 /* FirebaseMLModelDownloader */; };
		6D687BDA2AE93C5400CE2889 /* FirebaseMessaging in Frameworks */ = {isa = PBXBuildFile; productRef = 6D687BD92AE93C5400CE2889 /* FirebaseMessaging */; };
		6D687BDC2AE93C5400CE2889 /* FirebasePerformance in Frameworks */ = {isa = PBXBuildFile; productRef = 6D687BDB2AE93C5400CE2889 /* FirebasePerformance */; };
		6D687BDE2AE93C5400CE2889 /* FirebaseRemoteConfig in Frameworks */ = {isa = PBXBuildFile; productRef = 6D687BDD2AE93C5400CE2889 /* FirebaseRemoteConfig */; };
		6D687BE02AE93C5400CE2889 /* FirebaseRemoteConfigSwift in Frameworks */ = {isa = PBXBuildFile; productRef = 6D687BDF2AE93C5400CE2889 /* FirebaseRemoteConfigSwift */; };
		6D687BE22AE93C5400CE2889 /* FirebaseStorage in Frameworks */ = {isa = PBXBuildFile; productRef = 6D687BE12AE93C5400CE2889 /* FirebaseStorage */; };
		6D687BE42AE93C5400CE2889 /* FirebaseStorageCombine-Community in Frameworks */ = {isa = PBXBuildFile; productRef = 6D687BE32AE93C5400CE2889 /* FirebaseStorageCombine-Community */; };
		6D687BEA2AE9404200CE2889 /* FavViewController.swift in Sources */ = {isa = PBXBuildFile; fileRef = 6D687BE92AE9404200CE2889 /* FavViewController.swift */; };
		6D687BEC2AE949B700CE2889 /* FavTableViewCell.swift in Sources */ = {isa = PBXBuildFile; fileRef = 6D687BEB2AE949B700CE2889 /* FavTableViewCell.swift */; };
		6D687BEE2AEA959600CE2889 /* SigninViewController.swift in Sources */ = {isa = PBXBuildFile; fileRef = 6D687BED2AEA959600CE2889 /* SigninViewController.swift */; };
		6D687BF52AEAC28100CE2889 /* TVFavsViewController.swift in Sources */ = {isa = PBXBuildFile; fileRef = 6D687BF42AEAC28100CE2889 /* TVFavsViewController.swift */; };
		6D687BF72AEAC29100CE2889 /* ActorFavsViewController.swift in Sources */ = {isa = PBXBuildFile; fileRef = 6D687BF62AEAC29100CE2889 /* ActorFavsViewController.swift */; };
		6D687BF92AEAC2B700CE2889 /* ActorFavsTableViewCell.swift in Sources */ = {isa = PBXBuildFile; fileRef = 6D687BF82AEAC2B700CE2889 /* ActorFavsTableViewCell.swift */; };
		6D687BFB2AEAC2C300CE2889 /* TVFavsTableViewCell.swift in Sources */ = {isa = PBXBuildFile; fileRef = 6D687BFA2AEAC2C300CE2889 /* TVFavsTableViewCell.swift */; };
/* End PBXBuildFile section */

/* Begin PBXFileReference section */
		6D687B762AE7A96400CE2889 /* tmdb.app */ = {isa = PBXFileReference; explicitFileType = wrapper.application; includeInIndex = 0; path = tmdb.app; sourceTree = BUILT_PRODUCTS_DIR; };
		6D687B792AE7A96400CE2889 /* AppDelegate.swift */ = {isa = PBXFileReference; lastKnownFileType = sourcecode.swift; path = AppDelegate.swift; sourceTree = "<group>"; };
		6D687B7B2AE7A96400CE2889 /* SceneDelegate.swift */ = {isa = PBXFileReference; lastKnownFileType = sourcecode.swift; path = SceneDelegate.swift; sourceTree = "<group>"; };
		6D687B7D2AE7A96400CE2889 /* ViewController.swift */ = {isa = PBXFileReference; lastKnownFileType = sourcecode.swift; path = ViewController.swift; sourceTree = "<group>"; };
		6D687B802AE7A96400CE2889 /* Base */ = {isa = PBXFileReference; lastKnownFileType = file.storyboard; name = Base; path = Base.lproj/Main.storyboard; sourceTree = "<group>"; };
		6D687B822AE7A96500CE2889 /* Assets.xcassets */ = {isa = PBXFileReference; lastKnownFileType = folder.assetcatalog; path = Assets.xcassets; sourceTree = "<group>"; };
		6D687B852AE7A96500CE2889 /* Base */ = {isa = PBXFileReference; lastKnownFileType = file.storyboard; name = Base; path = Base.lproj/LaunchScreen.storyboard; sourceTree = "<group>"; };
		6D687B872AE7A96500CE2889 /* Info.plist */ = {isa = PBXFileReference; lastKnownFileType = text.plist.xml; path = Info.plist; sourceTree = "<group>"; };
		6D687B912AE7AB5000CE2889 /* MovieWebServices.swift */ = {isa = PBXFileReference; lastKnownFileType = sourcecode.swift; path = MovieWebServices.swift; sourceTree = "<group>"; };
		6D687B932AE7AB6A00CE2889 /* MovieViewModel.swift */ = {isa = PBXFileReference; lastKnownFileType = sourcecode.swift; path = MovieViewModel.swift; sourceTree = "<group>"; };
		6D687B952AE7AB7A00CE2889 /* MovieModel.swift */ = {isa = PBXFileReference; lastKnownFileType = sourcecode.swift; path = MovieModel.swift; sourceTree = "<group>"; };
		6D687B972AE7B17B00CE2889 /* PopularMovieCollectionViewCell.swift */ = {isa = PBXFileReference; lastKnownFileType = sourcecode.swift; path = PopularMovieCollectionViewCell.swift; sourceTree = "<group>"; };
		6D687B992AE7B92200CE2889 /* TVViewController.swift */ = {isa = PBXFileReference; lastKnownFileType = sourcecode.swift; path = TVViewController.swift; sourceTree = "<group>"; };
		6D687B9B2AE7B94100CE2889 /* TVCollectionViewCell.swift */ = {isa = PBXFileReference; lastKnownFileType = sourcecode.swift; path = TVCollectionViewCell.swift; sourceTree = "<group>"; };
		6D687B9D2AE7BA2A00CE2889 /* TVWebServices.swift */ = {isa = PBXFileReference; lastKnownFileType = sourcecode.swift; path = TVWebServices.swift; sourceTree = "<group>"; };
		6D687BA12AE7BB2200CE2889 /* TVModel.swift */ = {isa = PBXFileReference; lastKnownFileType = sourcecode.swift; path = TVModel.swift; sourceTree = "<group>"; };
		6D687BA52AE7BB3E00CE2889 /* TVViewModel.swift */ = {isa = PBXFileReference; lastKnownFileType = sourcecode.swift; path = TVViewModel.swift; sourceTree = "<group>"; };
		6D687BA72AE8138800CE2889 /* ActorViewController.swift */ = {isa = PBXFileReference; lastKnownFileType = sourcecode.swift; path = ActorViewController.swift; sourceTree = "<group>"; };
		6D687BA92AE813F600CE2889 /* ActorCollectionViewCell.swift */ = {isa = PBXFileReference; lastKnownFileType = sourcecode.swift; path = ActorCollectionViewCell.swift; sourceTree = "<group>"; };
		6D687BAB2AE8177B00CE2889 /* ActorServices.swift */ = {isa = PBXFileReference; lastKnownFileType = sourcecode.swift; path = ActorServices.swift; sourceTree = "<group>"; };
		6D687BAD2AE8178A00CE2889 /* ActorViewModel.swift */ = {isa = PBXFileReference; lastKnownFileType = sourcecode.swift; path = ActorViewModel.swift; sourceTree = "<group>"; };
		6D687BAF2AE8179B00CE2889 /* ActorModel.swift */ = {isa = PBXFileReference; lastKnownFileType = sourcecode.swift; path = ActorModel.swift; sourceTree = "<group>"; };
		6D687BB12AE832A800CE2889 /* FilmViewController.swift */ = {isa = PBXFileReference; lastKnownFileType = sourcecode.swift; path = FilmViewController.swift; sourceTree = "<group>"; };
		6D687BB42AE8355900CE2889 /* DiziViewController.swift */ = {isa = PBXFileReference; lastKnownFileType = sourcecode.swift; path = DiziViewController.swift; sourceTree = "<group>"; };
		6D687BB62AE8356700CE2889 /* OyuncuViewController.swift */ = {isa = PBXFileReference; lastKnownFileType = sourcecode.swift; path = OyuncuViewController.swift; sourceTree = "<group>"; };
		6D687BBA2AE92C3D00CE2889 /* SettingsViewController.swift */ = {isa = PBXFileReference; lastKnownFileType = sourcecode.swift; path = SettingsViewController.swift; sourceTree = "<group>"; };
		6D687BBC2AE9374E00CE2889 /* GoogleService-Info.plist */ = {isa = PBXFileReference; fileEncoding = 4; lastKnownFileType = text.plist.xml; name = "GoogleService-Info.plist"; path = "../../../../Downloads/GoogleService-Info.plist"; sourceTree = "<group>"; };
		6D687BE92AE9404200CE2889 /* FavViewController.swift */ = {isa = PBXFileReference; lastKnownFileType = sourcecode.swift; path = FavViewController.swift; sourceTree = "<group>"; };
		6D687BEB2AE949B700CE2889 /* FavTableViewCell.swift */ = {isa = PBXFileReference; lastKnownFileType = sourcecode.swift; path = FavTableViewCell.swift; sourceTree = "<group>"; };
		6D687BED2AEA959600CE2889 /* SigninViewController.swift */ = {isa = PBXFileReference; lastKnownFileType = sourcecode.swift; path = SigninViewController.swift; sourceTree = "<group>"; };
		6D687BF42AEAC28100CE2889 /* TVFavsViewController.swift */ = {isa = PBXFileReference; lastKnownFileType = sourcecode.swift; path = TVFavsViewController.swift; sourceTree = "<group>"; };
		6D687BF62AEAC29100CE2889 /* ActorFavsViewController.swift */ = {isa = PBXFileReference; lastKnownFileType = sourcecode.swift; path = ActorFavsViewController.swift; sourceTree = "<group>"; };
		6D687BF82AEAC2B700CE2889 /* ActorFavsTableViewCell.swift */ = {isa = PBXFileReference; lastKnownFileType = sourcecode.swift; path = ActorFavsTableViewCell.swift; sourceTree = "<group>"; };
		6D687BFA2AEAC2C300CE2889 /* TVFavsTableViewCell.swift */ = {isa = PBXFileReference; lastKnownFileType = sourcecode.swift; path = TVFavsTableViewCell.swift; sourceTree = "<group>"; };
/* End PBXFileReference section */

/* Begin PBXFrameworksBuildPhase section */
		6D687B732AE7A96400CE2889 /* Frameworks */ = {
			isa = PBXFrameworksBuildPhase;
			buildActionMask = 2147483647;
			files = (
				6D687BD42AE93C5400CE2889 /* FirebaseInAppMessagingSwift-Beta in Frameworks */,
				6D687BC42AE93C5400CE2889 /* FirebaseCrashlytics in Frameworks */,
				6D687BDC2AE93C5400CE2889 /* FirebasePerformance in Frameworks */,
				6D687BDA2AE93C5400CE2889 /* FirebaseMessaging in Frameworks */,
				6D687BC02AE93C5400CE2889 /* FirebaseAuth in Frameworks */,
				6D687BD62AE93C5400CE2889 /* FirebaseInstallations in Frameworks */,
				6D687BE42AE93C5400CE2889 /* FirebaseStorageCombine-Community in Frameworks */,
				6D687BD02AE93C5400CE2889 /* FirebaseFunctionsCombine-Community in Frameworks */,
				6D687BDE2AE93C5400CE2889 /* FirebaseRemoteConfig in Frameworks */,
				6D687BC62AE93C5400CE2889 /* FirebaseDatabase in Frameworks */,
				6D687BE02AE93C5400CE2889 /* FirebaseRemoteConfigSwift in Frameworks */,
				6D687BCE2AE93C5400CE2889 /* FirebaseFunctions in Frameworks */,
				6D687BE22AE93C5400CE2889 /* FirebaseStorage in Frameworks */,
				6D687BCC2AE93C5400CE2889 /* FirebaseFirestoreSwift in Frameworks */,
				6D687BC22AE93C5400CE2889 /* FirebaseAuthCombine-Community in Frameworks */,
				6D687BC82AE93C5400CE2889 /* FirebaseDynamicLinks in Frameworks */,
				6D687BCA2AE93C5400CE2889 /* FirebaseFirestore in Frameworks */,
				6D687BD82AE93C5400CE2889 /* FirebaseMLModelDownloader in Frameworks */,
				6D687BD22AE93C5400CE2889 /* FirebaseInAppMessaging-Beta in Frameworks */,
			);
			runOnlyForDeploymentPostprocessing = 0;
		};
/* End PBXFrameworksBuildPhase section */

/* Begin PBXGroup section */
		6D687B6D2AE7A96400CE2889 = {
			isa = PBXGroup;
			children = (
				6D687B782AE7A96400CE2889 /* tmdb */,
				6D687B772AE7A96400CE2889 /* Products */,
			);
			sourceTree = "<group>";
		};
		6D687B772AE7A96400CE2889 /* Products */ = {
			isa = PBXGroup;
			children = (
				6D687B762AE7A96400CE2889 /* tmdb.app */,
			);
			name = Products;
			sourceTree = "<group>";
		};
		6D687B782AE7A96400CE2889 /* tmdb */ = {
			isa = PBXGroup;
			children = (
				6D687BB92AE92C2700CE2889 /* Favs */,
				6D687BB82AE92C1700CE2889 /* Settings */,
				6D687BB32AE8352700CE2889 /* Detay */,
				6D687B902AE7AB1600CE2889 /* Services */,
				6D687B8F2AE7AB0700CE2889 /* ViewModels */,
				6D687B8E2AE7AAF900CE2889 /* Models */,
				6D687B8D2AE7AAF000CE2889 /* Views */,
				6D687BEF2AEAB8E300CE2889 /* ViewCells */,
				6D687BF02AEAB91F00CE2889 /* Delegates */,
				6D687B7F2AE7A96400CE2889 /* Main.storyboard */,
				6D687B822AE7A96500CE2889 /* Assets.xcassets */,
				6D687B842AE7A96500CE2889 /* LaunchScreen.storyboard */,
				6D687B872AE7A96500CE2889 /* Info.plist */,
				6D687BBC2AE9374E00CE2889 /* GoogleService-Info.plist */,
			);
			path = tmdb;
			sourceTree = "<group>";
		};
		6D687B8D2AE7AAF000CE2889 /* Views */ = {
			isa = PBXGroup;
			children = (
				6D687B7D2AE7A96400CE2889 /* ViewController.swift */,
				6D687B992AE7B92200CE2889 /* TVViewController.swift */,
				6D687BA72AE8138800CE2889 /* ActorViewController.swift */,
			);
			path = Views;
			sourceTree = "<group>";
		};
		6D687B8E2AE7AAF900CE2889 /* Models */ = {
			isa = PBXGroup;
			children = (
				6D687B952AE7AB7A00CE2889 /* MovieModel.swift */,
				6D687BA12AE7BB2200CE2889 /* TVModel.swift */,
				6D687BAF2AE8179B00CE2889 /* ActorModel.swift */,
			);
			path = Models;
			sourceTree = "<group>";
		};
		6D687B8F2AE7AB0700CE2889 /* ViewModels */ = {
			isa = PBXGroup;
			children = (
				6D687B932AE7AB6A00CE2889 /* MovieViewModel.swift */,
				6D687BA52AE7BB3E00CE2889 /* TVViewModel.swift */,
				6D687BAD2AE8178A00CE2889 /* ActorViewModel.swift */,
			);
			path = ViewModels;
			sourceTree = "<group>";
		};
		6D687B902AE7AB1600CE2889 /* Services */ = {
			isa = PBXGroup;
			children = (
				6D687B912AE7AB5000CE2889 /* MovieWebServices.swift */,
				6D687B9D2AE7BA2A00CE2889 /* TVWebServices.swift */,
				6D687BAB2AE8177B00CE2889 /* ActorServices.swift */,
			);
			path = Services;
			sourceTree = "<group>";
		};
		6D687BB32AE8352700CE2889 /* Detay */ = {
			isa = PBXGroup;
			children = (
				6D687BB12AE832A800CE2889 /* FilmViewController.swift */,
				6D687BB42AE8355900CE2889 /* DiziViewController.swift */,
				6D687BB62AE8356700CE2889 /* OyuncuViewController.swift */,
			);
			path = Detay;
			sourceTree = "<group>";
		};
		6D687BB82AE92C1700CE2889 /* Settings */ = {
			isa = PBXGroup;
			children = (
				6D687BBA2AE92C3D00CE2889 /* SettingsViewController.swift */,
				6D687BED2AEA959600CE2889 /* SigninViewController.swift */,
			);
			path = Settings;
			sourceTree = "<group>";
		};
		6D687BB92AE92C2700CE2889 /* Favs */ = {
			isa = PBXGroup;
			children = (
				6D687BF32AEAC27100CE2889 /* ActorF */,
				6D687BF22AEAC26500CE2889 /* TVF */,
				6D687BF12AEAC24F00CE2889 /* MovieF */,
			);
			path = Favs;
			sourceTree = "<group>";
		};
		6D687BEF2AEAB8E300CE2889 /* ViewCells */ = {
			isa = PBXGroup;
			children = (
				6D687B972AE7B17B00CE2889 /* PopularMovieCollectionViewCell.swift */,
				6D687B9B2AE7B94100CE2889 /* TVCollectionViewCell.swift */,
				6D687BA92AE813F600CE2889 /* ActorCollectionViewCell.swift */,
			);
			path = ViewCells;
			sourceTree = "<group>";
		};
		6D687BF02AEAB91F00CE2889 /* Delegates */ = {
			isa = PBXGroup;
			children = (
				6D687B792AE7A96400CE2889 /* AppDelegate.swift */,
				6D687B7B2AE7A96400CE2889 /* SceneDelegate.swift */,
			);
			path = Delegates;
			sourceTree = "<group>";
		};
		6D687BF12AEAC24F00CE2889 /* MovieF */ = {
			isa = PBXGroup;
			children = (
				6D687BE92AE9404200CE2889 /* FavViewController.swift */,
				6D687BEB2AE949B700CE2889 /* FavTableViewCell.swift */,
			);
			path = MovieF;
			sourceTree = "<group>";
		};
		6D687BF22AEAC26500CE2889 /* TVF */ = {
			isa = PBXGroup;
			children = (
				6D687BF42AEAC28100CE2889 /* TVFavsViewController.swift */,
				6D687BFA2AEAC2C300CE2889 /* TVFavsTableViewCell.swift */,
			);
			path = TVF;
			sourceTree = "<group>";
		};
		6D687BF32AEAC27100CE2889 /* ActorF */ = {
			isa = PBXGroup;
			children = (
				6D687BF62AEAC29100CE2889 /* ActorFavsViewController.swift */,
				6D687BF82AEAC2B700CE2889 /* ActorFavsTableViewCell.swift */,
			);
			path = ActorF;
			sourceTree = "<group>";
		};
/* End PBXGroup section */

/* Begin PBXNativeTarget section */
		6D687B752AE7A96400CE2889 /* tmdb */ = {
			isa = PBXNativeTarget;
			buildConfigurationList = 6D687B8A2AE7A96500CE2889 /* Build configuration list for PBXNativeTarget "tmdb" */;
			buildPhases = (
				6D687B722AE7A96400CE2889 /* Sources */,
				6D687B732AE7A96400CE2889 /* Frameworks */,
				6D687B742AE7A96400CE2889 /* Resources */,
			);
			buildRules = (
			);
			dependencies = (
			);
			name = tmdb;
			packageProductDependencies = (
				6D687BBF2AE93C5400CE2889 /* FirebaseAuth */,
				6D687BC12AE93C5400CE2889 /* FirebaseAuthCombine-Community */,
				6D687BC32AE93C5400CE2889 /* FirebaseCrashlytics */,
				6D687BC52AE93C5400CE2889 /* FirebaseDatabase */,
				6D687BC72AE93C5400CE2889 /* FirebaseDynamicLinks */,
				6D687BC92AE93C5400CE2889 /* FirebaseFirestore */,
				6D687BCB2AE93C5400CE2889 /* FirebaseFirestoreSwift */,
				6D687BCD2AE93C5400CE2889 /* FirebaseFunctions */,
				6D687BCF2AE93C5400CE2889 /* FirebaseFunctionsCombine-Community */,
				6D687BD12AE93C5400CE2889 /* FirebaseInAppMessaging-Beta */,
				6D687BD32AE93C5400CE2889 /* FirebaseInAppMessagingSwift-Beta */,
				6D687BD52AE93C5400CE2889 /* FirebaseInstallations */,
				6D687BD72AE93C5400CE2889 /* FirebaseMLModelDownloader */,
				6D687BD92AE93C5400CE2889 /* FirebaseMessaging */,
				6D687BDB2AE93C5400CE2889 /* FirebasePerformance */,
				6D687BDD2AE93C5400CE2889 /* FirebaseRemoteConfig */,
				6D687BDF2AE93C5400CE2889 /* FirebaseRemoteConfigSwift */,
				6D687BE12AE93C5400CE2889 /* FirebaseStorage */,
				6D687BE32AE93C5400CE2889 /* FirebaseStorageCombine-Community */,
			);
			productName = tmdb;
			productReference = 6D687B762AE7A96400CE2889 /* tmdb.app */;
			productType = "com.apple.product-type.application";
		};
/* End PBXNativeTarget section */

/* Begin PBXProject section */
		6D687B6E2AE7A96400CE2889 /* Project object */ = {
			isa = PBXProject;
			attributes = {
				BuildIndependentTargetsInParallel = 1;
				LastSwiftUpdateCheck = 1500;
				LastUpgradeCheck = 1500;
				TargetAttributes = {
					6D687B752AE7A96400CE2889 = {
						CreatedOnToolsVersion = 15.0;
					};
				};
			};
			buildConfigurationList = 6D687B712AE7A96400CE2889 /* Build configuration list for PBXProject "tmdb" */;
			compatibilityVersion = "Xcode 14.0";
			developmentRegion = en;
			hasScannedForEncodings = 0;
			knownRegions = (
				en,
				Base,
			);
			mainGroup = 6D687B6D2AE7A96400CE2889;
			packageReferences = (
				6D687BBE2AE93C5400CE2889 /* XCRemoteSwiftPackageReference "firebase-ios-sdk" */,
			);
			productRefGroup = 6D687B772AE7A96400CE2889 /* Products */;
			projectDirPath = "";
			projectRoot = "";
			targets = (
				6D687B752AE7A96400CE2889 /* tmdb */,
			);
		};
/* End PBXProject section */

/* Begin PBXResourcesBuildPhase section */
		6D687B742AE7A96400CE2889 /* Resources */ = {
			isa = PBXResourcesBuildPhase;
			buildActionMask = 2147483647;
			files = (
				6D687B862AE7A96500CE2889 /* LaunchScreen.storyboard in Resources */,
				6D687BBD2AE9374E00CE2889 /* GoogleService-Info.plist in Resources */,
				6D687B832AE7A96500CE2889 /* Assets.xcassets in Resources */,
				6D687B812AE7A96400CE2889 /* Main.storyboard in Resources */,
			);
			runOnlyForDeploymentPostprocessing = 0;
		};
/* End PBXResourcesBuildPhase section */

/* Begin PBXSourcesBuildPhase section */
		6D687B722AE7A96400CE2889 /* Sources */ = {
			isa = PBXSourcesBuildPhase;
			buildActionMask = 2147483647;
			files = (
				6D687B962AE7AB7A00CE2889 /* MovieModel.swift in Sources */,
				6D687BFB2AEAC2C300CE2889 /* TVFavsTableViewCell.swift in Sources */,
				6D687BF52AEAC28100CE2889 /* TVFavsViewController.swift in Sources */,
				6D687B7E2AE7A96400CE2889 /* ViewController.swift in Sources */,
				6D687BBB2AE92C3D00CE2889 /* SettingsViewController.swift in Sources */,
				6D687B9A2AE7B92200CE2889 /* TVViewController.swift in Sources */,
				6D687BF92AEAC2B700CE2889 /* ActorFavsTableViewCell.swift in Sources */,
				6D687BB72AE8356700CE2889 /* OyuncuViewController.swift in Sources */,
				6D687BF72AEAC29100CE2889 /* ActorFavsViewController.swift in Sources */,
				6D687B982AE7B17B00CE2889 /* PopularMovieCollectionViewCell.swift in Sources */,
				6D687BEA2AE9404200CE2889 /* FavViewController.swift in Sources */,
				6D687BAE2AE8178A00CE2889 /* ActorViewModel.swift in Sources */,
				6D687B9E2AE7BA2A00CE2889 /* TVWebServices.swift in Sources */,
				6D687BA82AE8138800CE2889 /* ActorViewController.swift in Sources */,
				6D687BAA2AE813F600CE2889 /* ActorCollectionViewCell.swift in Sources */,
				6D687BB52AE8355900CE2889 /* DiziViewController.swift in Sources */,
				6D687BAC2AE8177B00CE2889 /* ActorServices.swift in Sources */,
				6D687B9C2AE7B94100CE2889 /* TVCollectionViewCell.swift in Sources */,
				6D687BB22AE832A800CE2889 /* FilmViewController.swift in Sources */,
				6D687BA62AE7BB3E00CE2889 /* TVViewModel.swift in Sources */,
				6D687B942AE7AB6A00CE2889 /* MovieViewModel.swift in Sources */,
				6D687BEC2AE949B700CE2889 /* FavTableViewCell.swift in Sources */,
				6D687BA22AE7BB2200CE2889 /* TVModel.swift in Sources */,
				6D687B7A2AE7A96400CE2889 /* AppDelegate.swift in Sources */,
				6D687BEE2AEA959600CE2889 /* SigninViewController.swift in Sources */,
				6D687BB02AE8179B00CE2889 /* ActorModel.swift in Sources */,
				6D687B7C2AE7A96400CE2889 /* SceneDelegate.swift in Sources */,
				6D687B922AE7AB5000CE2889 /* MovieWebServices.swift in Sources */,
			);
			runOnlyForDeploymentPostprocessing = 0;
		};
/* End PBXSourcesBuildPhase section */

/* Begin PBXVariantGroup section */
		6D687B7F2AE7A96400CE2889 /* Main.storyboard */ = {
			isa = PBXVariantGroup;
			children = (
				6D687B802AE7A96400CE2889 /* Base */,
			);
			name = Main.storyboard;
			sourceTree = "<group>";
		};
		6D687B842AE7A96500CE2889 /* LaunchScreen.storyboard */ = {
			isa = PBXVariantGroup;
			children = (
				6D687B852AE7A96500CE2889 /* Base */,
			);
			name = LaunchScreen.storyboard;
			sourceTree = "<group>";
		};
/* End PBXVariantGroup section */

/* Begin XCBuildConfiguration section */
		6D687B882AE7A96500CE2889 /* Debug */ = {
			isa = XCBuildConfiguration;
			buildSettings = {
				ALWAYS_SEARCH_USER_PATHS = NO;
				ASSETCATALOG_COMPILER_GENERATE_SWIFT_ASSET_SYMBOL_EXTENSIONS = YES;
				CLANG_ANALYZER_NONNULL = YES;
				CLANG_ANALYZER_NUMBER_OBJECT_CONVERSION = YES_AGGRESSIVE;
				CLANG_CXX_LANGUAGE_STANDARD = "gnu++20";
				CLANG_ENABLE_MODULES = YES;
				CLANG_ENABLE_OBJC_ARC = YES;
				CLANG_ENABLE_OBJC_WEAK = YES;
				CLANG_WARN_BLOCK_CAPTURE_AUTORELEASING = YES;
				CLANG_WARN_BOOL_CONVERSION = YES;
				CLANG_WARN_COMMA = YES;
				CLANG_WARN_CONSTANT_CONVERSION = YES;
				CLANG_WARN_DEPRECATED_OBJC_IMPLEMENTATIONS = YES;
				CLANG_WARN_DIRECT_OBJC_ISA_USAGE = YES_ERROR;
				CLANG_WARN_DOCUMENTATION_COMMENTS = YES;
				CLANG_WARN_EMPTY_BODY = YES;
				CLANG_WARN_ENUM_CONVERSION = YES;
				CLANG_WARN_INFINITE_RECURSION = YES;
				CLANG_WARN_INT_CONVERSION = YES;
				CLANG_WARN_NON_LITERAL_NULL_CONVERSION = YES;
				CLANG_WARN_OBJC_IMPLICIT_RETAIN_SELF = YES;
				CLANG_WARN_OBJC_LITERAL_CONVERSION = YES;
				CLANG_WARN_OBJC_ROOT_CLASS = YES_ERROR;
				CLANG_WARN_QUOTED_INCLUDE_IN_FRAMEWORK_HEADER = YES;
				CLANG_WARN_RANGE_LOOP_ANALYSIS = YES;
				CLANG_WARN_STRICT_PROTOTYPES = YES;
				CLANG_WARN_SUSPICIOUS_MOVE = YES;
				CLANG_WARN_UNGUARDED_AVAILABILITY = YES_AGGRESSIVE;
				CLANG_WARN_UNREACHABLE_CODE = YES;
				CLANG_WARN__DUPLICATE_METHOD_MATCH = YES;
				COPY_PHASE_STRIP = NO;
				DEBUG_INFORMATION_FORMAT = dwarf;
				ENABLE_STRICT_OBJC_MSGSEND = YES;
				ENABLE_TESTABILITY = YES;
				ENABLE_USER_SCRIPT_SANDBOXING = YES;
				GCC_C_LANGUAGE_STANDARD = gnu17;
				GCC_DYNAMIC_NO_PIC = NO;
				GCC_NO_COMMON_BLOCKS = YES;
				GCC_OPTIMIZATION_LEVEL = 0;
				GCC_PREPROCESSOR_DEFINITIONS = (
					"DEBUG=1",
					"$(inherited)",
				);
				GCC_WARN_64_TO_32_BIT_CONVERSION = YES;
				GCC_WARN_ABOUT_RETURN_TYPE = YES_ERROR;
				GCC_WARN_UNDECLARED_SELECTOR = YES;
				GCC_WARN_UNINITIALIZED_AUTOS = YES_AGGRESSIVE;
				GCC_WARN_UNUSED_FUNCTION = YES;
				GCC_WARN_UNUSED_VARIABLE = YES;
				IPHONEOS_DEPLOYMENT_TARGET = 17.0;
				LOCALIZATION_PREFERS_STRING_CATALOGS = YES;
				MTL_ENABLE_DEBUG_INFO = INCLUDE_SOURCE;
				MTL_FAST_MATH = YES;
				ONLY_ACTIVE_ARCH = YES;
				SDKROOT = iphoneos;
				SWIFT_ACTIVE_COMPILATION_CONDITIONS = "DEBUG $(inherited)";
				SWIFT_OPTIMIZATION_LEVEL = "-Onone";
			};
			name = Debug;
		};
		6D687B892AE7A96500CE2889 /* Release */ = {
			isa = XCBuildConfiguration;
			buildSettings = {
				ALWAYS_SEARCH_USER_PATHS = NO;
				ASSETCATALOG_COMPILER_GENERATE_SWIFT_ASSET_SYMBOL_EXTENSIONS = YES;
				CLANG_ANALYZER_NONNULL = YES;
				CLANG_ANALYZER_NUMBER_OBJECT_CONVERSION = YES_AGGRESSIVE;
				CLANG_CXX_LANGUAGE_STANDARD = "gnu++20";
				CLANG_ENABLE_MODULES = YES;
				CLANG_ENABLE_OBJC_ARC = YES;
				CLANG_ENABLE_OBJC_WEAK = YES;
				CLANG_WARN_BLOCK_CAPTURE_AUTORELEASING = YES;
				CLANG_WARN_BOOL_CONVERSION = YES;
				CLANG_WARN_COMMA = YES;
				CLANG_WARN_CONSTANT_CONVERSION = YES;
				CLANG_WARN_DEPRECATED_OBJC_IMPLEMENTATIONS = YES;
				CLANG_WARN_DIRECT_OBJC_ISA_USAGE = YES_ERROR;
				CLANG_WARN_DOCUMENTATION_COMMENTS = YES;
				CLANG_WARN_EMPTY_BODY = YES;
				CLANG_WARN_ENUM_CONVERSION = YES;
				CLANG_WARN_INFINITE_RECURSION = YES;
				CLANG_WARN_INT_CONVERSION = YES;
				CLANG_WARN_NON_LITERAL_NULL_CONVERSION = YES;
				CLANG_WARN_OBJC_IMPLICIT_RETAIN_SELF = YES;
				CLANG_WARN_OBJC_LITERAL_CONVERSION = YES;
				CLANG_WARN_OBJC_ROOT_CLASS = YES_ERROR;
				CLANG_WARN_QUOTED_INCLUDE_IN_FRAMEWORK_HEADER = YES;
				CLANG_WARN_RANGE_LOOP_ANALYSIS = YES;
				CLANG_WARN_STRICT_PROTOTYPES = YES;
				CLANG_WARN_SUSPICIOUS_MOVE = YES;
				CLANG_WARN_UNGUARDED_AVAILABILITY = YES_AGGRESSIVE;
				CLANG_WARN_UNREACHABLE_CODE = YES;
				CLANG_WARN__DUPLICATE_METHOD_MATCH = YES;
				COPY_PHASE_STRIP = NO;
				DEBUG_INFORMATION_FORMAT = "dwarf-with-dsym";
				ENABLE_NS_ASSERTIONS = NO;
				ENABLE_STRICT_OBJC_MSGSEND = YES;
				ENABLE_USER_SCRIPT_SANDBOXING = YES;
				GCC_C_LANGUAGE_STANDARD = gnu17;
				GCC_NO_COMMON_BLOCKS = YES;
				GCC_WARN_64_TO_32_BIT_CONVERSION = YES;
				GCC_WARN_ABOUT_RETURN_TYPE = YES_ERROR;
				GCC_WARN_UNDECLARED_SELECTOR = YES;
				GCC_WARN_UNINITIALIZED_AUTOS = YES_AGGRESSIVE;
				GCC_WARN_UNUSED_FUNCTION = YES;
				GCC_WARN_UNUSED_VARIABLE = YES;
				IPHONEOS_DEPLOYMENT_TARGET = 17.0;
				LOCALIZATION_PREFERS_STRING_CATALOGS = YES;
				MTL_ENABLE_DEBUG_INFO = NO;
				MTL_FAST_MATH = YES;
				SDKROOT = iphoneos;
				SWIFT_COMPILATION_MODE = wholemodule;
				VALIDATE_PRODUCT = YES;
			};
			name = Release;
		};
		6D687B8B2AE7A96500CE2889 /* Debug */ = {
			isa = XCBuildConfiguration;
			buildSettings = {
				ASSETCATALOG_COMPILER_APPICON_NAME = AppIcon;
				ASSETCATALOG_COMPILER_GLOBAL_ACCENT_COLOR_NAME = AccentColor;
				CODE_SIGN_STYLE = Automatic;
				CURRENT_PROJECT_VERSION = 1;
				GENERATE_INFOPLIST_FILE = YES;
				INFOPLIST_FILE = tmdb/Info.plist;
				INFOPLIST_KEY_UIApplicationSupportsIndirectInputEvents = YES;
				INFOPLIST_KEY_UILaunchStoryboardName = LaunchScreen;
				INFOPLIST_KEY_UIMainStoryboardFile = Main;
				INFOPLIST_KEY_UISupportedInterfaceOrientations_iPad = "UIInterfaceOrientationPortrait UIInterfaceOrientationPortraitUpsideDown UIInterfaceOrientationLandscapeLeft UIInterfaceOrientationLandscapeRight";
				INFOPLIST_KEY_UISupportedInterfaceOrientations_iPhone = "UIInterfaceOrientationPortrait UIInterfaceOrientationLandscapeLeft UIInterfaceOrientationLandscapeRight";
				LD_RUNPATH_SEARCH_PATHS = (
					"$(inherited)",
					"@executable_path/Frameworks",
				);
				MARKETING_VERSION = 1.0;
				PRODUCT_BUNDLE_IDENTIFIER = com.beyzatastan.tmdb;
				PRODUCT_NAME = "$(TARGET_NAME)";
				SWIFT_EMIT_LOC_STRINGS = YES;
				SWIFT_VERSION = 5.0;
				TARGETED_DEVICE_FAMILY = "1,2";
			};
			name = Debug;
		};
		6D687B8C2AE7A96500CE2889 /* Release */ = {
			isa = XCBuildConfiguration;
			buildSettings = {
				ASSETCATALOG_COMPILER_APPICON_NAME = AppIcon;
				ASSETCATALOG_COMPILER_GLOBAL_ACCENT_COLOR_NAME = AccentColor;
				CODE_SIGN_STYLE = Automatic;
				CURRENT_PROJECT_VERSION = 1;
				GENERATE_INFOPLIST_FILE = YES;
				INFOPLIST_FILE = tmdb/Info.plist;
				INFOPLIST_KEY_UIApplicationSupportsIndirectInputEvents = YES;
				INFOPLIST_KEY_UILaunchStoryboardName = LaunchScreen;
				INFOPLIST_KEY_UIMainStoryboardFile = Main;
				INFOPLIST_KEY_UISupportedInterfaceOrientations_iPad = "UIInterfaceOrientationPortrait UIInterfaceOrientationPortraitUpsideDown UIInterfaceOrientationLandscapeLeft UIInterfaceOrientationLandscapeRight";
				INFOPLIST_KEY_UISupportedInterfaceOrientations_iPhone = "UIInterfaceOrientationPortrait UIInterfaceOrientationLandscapeLeft UIInterfaceOrientationLandscapeRight";
				LD_RUNPATH_SEARCH_PATHS = (
					"$(inherited)",
					"@executable_path/Frameworks",
				);
				MARKETING_VERSION = 1.0;
				PRODUCT_BUNDLE_IDENTIFIER = com.beyzatastan.tmdb;
				PRODUCT_NAME = "$(TARGET_NAME)";
				SWIFT_EMIT_LOC_STRINGS = YES;
				SWIFT_VERSION = 5.0;
				TARGETED_DEVICE_FAMILY = "1,2";
			};
			name = Release;
		};
/* End XCBuildConfiguration section */

/* Begin XCConfigurationList section */
		6D687B712AE7A96400CE2889 /* Build configuration list for PBXProject "tmdb" */ = {
			isa = XCConfigurationList;
			buildConfigurations = (
				6D687B882AE7A96500CE2889 /* Debug */,
				6D687B892AE7A96500CE2889 /* Release */,
			);
			defaultConfigurationIsVisible = 0;
			defaultConfigurationName = Release;
		};
		6D687B8A2AE7A96500CE2889 /* Build configuration list for PBXNativeTarget "tmdb" */ = {
			isa = XCConfigurationList;
			buildConfigurations = (
				6D687B8B2AE7A96500CE2889 /* Debug */,
				6D687B8C2AE7A96500CE2889 /* Release */,
			);
			defaultConfigurationIsVisible = 0;
			defaultConfigurationName = Release;
		};
/* End XCConfigurationList section */

/* Begin XCRemoteSwiftPackageReference section */
		6D687BBE2AE93C5400CE2889 /* XCRemoteSwiftPackageReference "firebase-ios-sdk" */ = {
			isa = XCRemoteSwiftPackageReference;
			repositoryURL = "https://github.com/firebase/firebase-ios-sdk";
			requirement = {
				kind = upToNextMajorVersion;
				minimumVersion = 10.16.0;
			};
		};
/* End XCRemoteSwiftPackageReference section */

/* Begin XCSwiftPackageProductDependency section */
		6D687BBF2AE93C5400CE2889 /* FirebaseAuth */ = {
			isa = XCSwiftPackageProductDependency;
			package = 6D687BBE2AE93C5400CE2889 /* XCRemoteSwiftPackageReference "firebase-ios-sdk" */;
			productName = FirebaseAuth;
		};
		6D687BC12AE93C5400CE2889 /* FirebaseAuthCombine-Community */ = {
			isa = XCSwiftPackageProductDependency;
			package = 6D687BBE2AE93C5400CE2889 /* XCRemoteSwiftPackageReference "firebase-ios-sdk" */;
			productName = "FirebaseAuthCombine-Community";
		};
		6D687BC32AE93C5400CE2889 /* FirebaseCrashlytics */ = {
			isa = XCSwiftPackageProductDependency;
			package = 6D687BBE2AE93C5400CE2889 /* XCRemoteSwiftPackageReference "firebase-ios-sdk" */;
			productName = FirebaseCrashlytics;
		};
		6D687BC52AE93C5400CE2889 /* FirebaseDatabase */ = {
			isa = XCSwiftPackageProductDependency;
			package = 6D687BBE2AE93C5400CE2889 /* XCRemoteSwiftPackageReference "firebase-ios-sdk" */;
			productName = FirebaseDatabase;
		};
		6D687BC72AE93C5400CE2889 /* FirebaseDynamicLinks */ = {
			isa = XCSwiftPackageProductDependency;
			package = 6D687BBE2AE93C5400CE2889 /* XCRemoteSwiftPackageReference "firebase-ios-sdk" */;
			productName = FirebaseDynamicLinks;
		};
		6D687BC92AE93C5400CE2889 /* FirebaseFirestore */ = {
			isa = XCSwiftPackageProductDependency;
			package = 6D687BBE2AE93C5400CE2889 /* XCRemoteSwiftPackageReference "firebase-ios-sdk" */;
			productName = FirebaseFirestore;
		};
		6D687BCB2AE93C5400CE2889 /* FirebaseFirestoreSwift */ = {
			isa = XCSwiftPackageProductDependency;
			package = 6D687BBE2AE93C5400CE2889 /* XCRemoteSwiftPackageReference "firebase-ios-sdk" */;
			productName = FirebaseFirestoreSwift;
		};
		6D687BCD2AE93C5400CE2889 /* FirebaseFunctions */ = {
			isa = XCSwiftPackageProductDependency;
			package = 6D687BBE2AE93C5400CE2889 /* XCRemoteSwiftPackageReference "firebase-ios-sdk" */;
			productName = FirebaseFunctions;
		};
		6D687BCF2AE93C5400CE2889 /* FirebaseFunctionsCombine-Community */ = {
			isa = XCSwiftPackageProductDependency;
			package = 6D687BBE2AE93C5400CE2889 /* XCRemoteSwiftPackageReference "firebase-ios-sdk" */;
			productName = "FirebaseFunctionsCombine-Community";
		};
		6D687BD12AE93C5400CE2889 /* FirebaseInAppMessaging-Beta */ = {
			isa = XCSwiftPackageProductDependency;
			package = 6D687BBE2AE93C5400CE2889 /* XCRemoteSwiftPackageReference "firebase-ios-sdk" */;
			productName = "FirebaseInAppMessaging-Beta";
		};
		6D687BD32AE93C5400CE2889 /* FirebaseInAppMessagingSwift-Beta */ = {
			isa = XCSwiftPackageProductDependency;
			package = 6D687BBE2AE93C5400CE2889 /* XCRemoteSwiftPackageReference "firebase-ios-sdk" */;
			productName = "FirebaseInAppMessagingSwift-Beta";
		};
		6D687BD52AE93C5400CE2889 /* FirebaseInstallations */ = {
			isa = XCSwiftPackageProductDependency;
			package = 6D687BBE2AE93C5400CE2889 /* XCRemoteSwiftPackageReference "firebase-ios-sdk" */;
			productName = FirebaseInstallations;
		};
		6D687BD72AE93C5400CE2889 /* FirebaseMLModelDownloader */ = {
			isa = XCSwiftPackageProductDependency;
			package = 6D687BBE2AE93C5400CE2889 /* XCRemoteSwiftPackageReference "firebase-ios-sdk" */;
			productName = FirebaseMLModelDownloader;
		};
		6D687BD92AE93C5400CE2889 /* FirebaseMessaging */ = {
			isa = XCSwiftPackageProductDependency;
			package = 6D687BBE2AE93C5400CE2889 /* XCRemoteSwiftPackageReference "firebase-ios-sdk" */;
			productName = FirebaseMessaging;
		};
		6D687BDB2AE93C5400CE2889 /* FirebasePerformance */ = {
			isa = XCSwiftPackageProductDependency;
			package = 6D687BBE2AE93C5400CE2889 /* XCRemoteSwiftPackageReference "firebase-ios-sdk" */;
			productName = FirebasePerformance;
		};
		6D687BDD2AE93C5400CE2889 /* FirebaseRemoteConfig */ = {
			isa = XCSwiftPackageProductDependency;
			package = 6D687BBE2AE93C5400CE2889 /* XCRemoteSwiftPackageReference "firebase-ios-sdk" */;
			productName = FirebaseRemoteConfig;
		};
		6D687BDF2AE93C5400CE2889 /* FirebaseRemoteConfigSwift */ = {
			isa = XCSwiftPackageProductDependency;
			package = 6D687BBE2AE93C5400CE2889 /* XCRemoteSwiftPackageReference "firebase-ios-sdk" */;
			productName = FirebaseRemoteConfigSwift;
		};
		6D687BE12AE93C5400CE2889 /* FirebaseStorage */ = {
			isa = XCSwiftPackageProductDependency;
			package = 6D687BBE2AE93C5400CE2889 /* XCRemoteSwiftPackageReference "firebase-ios-sdk" */;
			productName = FirebaseStorage;
		};
		6D687BE32AE93C5400CE2889 /* FirebaseStorageCombine-Community */ = {
			isa = XCSwiftPackageProductDependency;
			package = 6D687BBE2AE93C5400CE2889 /* XCRemoteSwiftPackageReference "firebase-ios-sdk" */;
			productName = "FirebaseStorageCombine-Community";
		};
/* End XCSwiftPackageProductDependency section */
	};
	rootObject = 6D687B6E2AE7A96400CE2889 /* Project object */;
}
